# THIS IS AN AUTOGENERATED FILE. DO NOT EDIT THIS FILE DIRECTLY.
# yarn lockfile v1


minimist@^1.2.0:
  version "1.2.0"
  resolved "https://registry.yarnpkg.com/minimist/-/minimist-1.2.0.tgz#a35008b20f41383eec1fb914f4cd5df79a264284"

push-dir@^0.2.2:
  version "0.2.2"
  resolved "https://registry.yarnpkg.com/push-dir/-/push-dir-0.2.2.tgz#adfe73b54c2f821be1e7915a648e39b3aea9e7e7"
  dependencies:
    minimist "^1.2.0"
